
Microsoft Visual Studio Solution File, Format Version 12.00
# Visual Studio Version 17
VisualStudioVersion = 17.13.35825.156
MinimumVisualStudioVersion = 10.0.40219.1
Project("{FAE04EC0-301F-11D3-BF4B-00C04F79EFBC}") = "E-Commerse.Web", "E-Commerse.Web\E-Commerse.Web.csproj", "{4386B5AE-C1E9-47DA-A71D-5C74BDF0D809}"
EndProject
Project("{2150E333-8FDC-42A3-9474-1A3956D46DE8}") = "Core", "Core", "{02EA681E-C7D8-13C7-8484-4AC65E1B71E8}"
EndProject
Project("{2150E333-8FDC-42A3-9474-1A3956D46DE8}") = "InfraStructure", "InfraStructure", "{8AECE5DE-DC77-4D9B-9DEE-346C137F7A56}"
EndProject
Project("{FAE04EC0-301F-11D3-BF4B-00C04F79EFBC}") = "E-Commers.Domain", "Domain\E-Commers.Domain\E-Commers.Domain.csproj", "{7314ABBD-3406-4137-AF5B-501C4A94FC8E}"
EndProject
Project("{FAE04EC0-301F-11D3-BF4B-00C04F79EFBC}") = "E-Commerse.Serviceimplemention", "Domain\E-Commerse.Serviceimplemention\E-Commerse.Serviceimplemention.csproj", "{52BE974E-18C0-4629-9534-E53327BC028F}"
EndProject
Project("{FAE04EC0-301F-11D3-BF4B-00C04F79EFBC}") = "E-Commerse.ServiceAbstraction", "Domain\E-Commerse.ServiceAbstraction\E-Commerse.ServiceAbstraction.csproj", "{63EB9A3C-9A45-48AB-B297-01E786776B91}"
EndProject
Project("{FAE04EC0-301F-11D3-BF4B-00C04F79EFBC}") = "E-Commerse.Presentiton", "InfraStructure\E-Commerse.Presentiton\E-Commerse.Presentiton.csproj", "{E96E41FD-1CE9-4A79-9DBD-53AC4A9D85E3}"
EndProject
Project("{FAE04EC0-301F-11D3-BF4B-00C04F79EFBC}") = "E-commerse.Shared", "E-commerse.Shared\E-commerse.Shared.csproj", "{63C30721-2BFA-4A06-8A45-8BB80D106EDF}"
EndProject
Project("{FAE04EC0-301F-11D3-BF4B-00C04F79EFBC}") = "Ecpmmerce.Persistance", "InfraStructure\Ecpmmerce.Persistance\Ecpmmerce.Persistance.csproj", "{1FA1FDAD-610A-49CE-B7A3-7EBCD8BB1E26}"
EndProject
Global
	GlobalSection(SolutionConfigurationPlatforms) = preSolution
		Debug|Any CPU = Debug|Any CPU
		Release|Any CPU = Release|Any CPU
	EndGlobalSection
	GlobalSection(ProjectConfigurationPlatforms) = postSolution
		{4386B5AE-C1E9-47DA-A71D-5C74BDF0D809}.Debug|Any CPU.ActiveCfg = Debug|Any CPU
		{4386B5AE-C1E9-47DA-A71D-5C74BDF0D809}.Debug|Any CPU.Build.0 = Debug|Any CPU
		{4386B5AE-C1E9-47DA-A71D-5C74BDF0D809}.Release|Any CPU.ActiveCfg = Release|Any CPU
		{4386B5AE-C1E9-47DA-A71D-5C74BDF0D809}.Release|Any CPU.Build.0 = Release|Any CPU
		{7314ABBD-3406-4137-AF5B-501C4A94FC8E}.Debug|Any CPU.ActiveCfg = Debug|Any CPU
		{7314ABBD-3406-4137-AF5B-501C4A94FC8E}.Debug|Any CPU.Build.0 = Debug|Any CPU
		{7314ABBD-3406-4137-AF5B-501C4A94FC8E}.Release|Any CPU.ActiveCfg = Release|Any CPU
		{7314ABBD-3406-4137-AF5B-501C4A94FC8E}.Release|Any CPU.Build.0 = Release|Any CPU
		{52BE974E-18C0-4629-9534-E53327BC028F}.Debug|Any CPU.ActiveCfg = Debug|Any CPU
		{52BE974E-18C0-4629-9534-E53327BC028F}.Debug|Any CPU.Build.0 = Debug|Any CPU
		{52BE974E-18C0-4629-9534-E53327BC028F}.Release|Any CPU.ActiveCfg = Release|Any CPU
		{52BE974E-18C0-4629-9534-E53327BC028F}.Release|Any CPU.Build.0 = Release|Any CPU
		{63EB9A3C-9A45-48AB-B297-01E786776B91}.Debug|Any CPU.ActiveCfg = Debug|Any CPU
		{63EB9A3C-9A45-48AB-B297-01E786776B91}.Debug|Any CPU.Build.0 = Debug|Any CPU
		{63EB9A3C-9A45-48AB-B297-01E786776B91}.Release|Any CPU.ActiveCfg = Release|Any CPU
		{63EB9A3C-9A45-48AB-B297-01E786776B91}.Release|Any CPU.Build.0 = Release|Any CPU
		{E96E41FD-1CE9-4A79-9DBD-53AC4A9D85E3}.Debug|Any CPU.ActiveCfg = Debug|Any CPU
		{E96E41FD-1CE9-4A79-9DBD-53AC4A9D85E3}.Debug|Any CPU.Build.0 = Debug|Any CPU
		{E96E41FD-1CE9-4A79-9DBD-53AC4A9D85E3}.Release|Any CPU.ActiveCfg = Release|Any CPU
		{E96E41FD-1CE9-4A79-9DBD-53AC4A9D85E3}.Release|Any CPU.Build.0 = Release|Any CPU
		{63C30721-2BFA-4A06-8A45-8BB80D106EDF}.Debug|Any CPU.ActiveCfg = Debug|Any CPU
		{63C30721-2BFA-4A06-8A45-8BB80D106EDF}.Debug|Any CPU.Build.0 = Debug|Any CPU
		{63C30721-2BFA-4A06-8A45-8BB80D106EDF}.Release|Any CPU.ActiveCfg = Release|Any CPU
		{63C30721-2BFA-4A06-8A45-8BB80D106EDF}.Release|Any CPU.Build.0 = Release|Any CPU
		{1FA1FDAD-610A-49CE-B7A3-7EBCD8BB1E26}.Debug|Any CPU.ActiveCfg = Debug|Any CPU
		{1FA1FDAD-610A-49CE-B7A3-7EBCD8BB1E26}.Debug|Any CPU.Build.0 = Debug|Any CPU
		{1FA1FDAD-610A-49CE-B7A3-7EBCD8BB1E26}.Release|Any CPU.ActiveCfg = Release|Any CPU
		{1FA1FDAD-610A-49CE-B7A3-7EBCD8BB1E26}.Release|Any CPU.Build.0 = Release|Any CPU
	EndGlobalSection
	GlobalSection(SolutionProperties) = preSolution
		HideSolutionNode = FALSE
	EndGlobalSection
	GlobalSection(NestedProjects) = preSolution
		{7314ABBD-3406-4137-AF5B-501C4A94FC8E} = {02EA681E-C7D8-13C7-8484-4AC65E1B71E8}
		{52BE974E-18C0-4629-9534-E53327BC028F} = {02EA681E-C7D8-13C7-8484-4AC65E1B71E8}
		{63EB9A3C-9A45-48AB-B297-01E786776B91} = {02EA681E-C7D8-13C7-8484-4AC65E1B71E8}
		{E96E41FD-1CE9-4A79-9DBD-53AC4A9D85E3} = {8AECE5DE-DC77-4D9B-9DEE-346C137F7A56}
		{1FA1FDAD-610A-49CE-B7A3-7EBCD8BB1E26} = {8AECE5DE-DC77-4D9B-9DEE-346C137F7A56}
	EndGlobalSection
	GlobalSection(ExtensibilityGlobals) = postSolution
		SolutionGuid = {382A5152-0930-4305-9012-14DD1CAB420B}
	EndGlobalSection
EndGlobal
